
Microsoft Visual Studio Solution File, Format Version 12.00
# Visual Studio Version 16
VisualStudioVersion = 16.0.30523.141
MinimumVisualStudioVersion = 10.0.40219.1
Project("{FAE04EC0-301F-11D3-BF4B-00C04F79EFBC}") = "SysComercio", "SysComercio\SysComercio.csproj", "{760E42B0-A12D-4246-AA56-E16EB01B2EDD}"
	ProjectSection(ProjectDependencies) = postProject
		{BE8991DB-729F-403E-B40D-200C6F97F814} = {BE8991DB-729F-403E-B40D-200C6F97F814}
	EndProjectSection
EndProject
Project("{9A19103F-16F7-4668-BE54-9A1E7A4F7556}") = "CamadaNegocios", "CamadaNegocios\CamadaNegocios.csproj", "{32D43709-7134-4363-B085-2521C317FCDE}"
EndProject
Project("{9A19103F-16F7-4668-BE54-9A1E7A4F7556}") = "CamadaDados", "CamadaDados\CamadaDados.csproj", "{6D3991A0-6C03-4589-B2BE-9152EC8531F4}"
EndProject
Project("{FAE04EC0-301F-11D3-BF4B-00C04F79EFBC}") = "CamadaDesign", "CamadaDesign\CamadaDesign.csproj", "{BE8991DB-729F-403E-B40D-200C6F97F814}"
EndProject
Global
	GlobalSection(SolutionConfigurationPlatforms) = preSolution
		Debug|Any CPU = Debug|Any CPU
		Release|Any CPU = Release|Any CPU
	EndGlobalSection
	GlobalSection(ProjectConfigurationPlatforms) = postSolution
		{760E42B0-A12D-4246-AA56-E16EB01B2EDD}.Debug|Any CPU.ActiveCfg = Debug|Any CPU
		{760E42B0-A12D-4246-AA56-E16EB01B2EDD}.Debug|Any CPU.Build.0 = Debug|Any CPU
		{760E42B0-A12D-4246-AA56-E16EB01B2EDD}.Release|Any CPU.ActiveCfg = Release|Any CPU
		{760E42B0-A12D-4246-AA56-E16EB01B2EDD}.Release|Any CPU.Build.0 = Release|Any CPU
		{32D43709-7134-4363-B085-2521C317FCDE}.Debug|Any CPU.ActiveCfg = Debug|Any CPU
		{32D43709-7134-4363-B085-2521C317FCDE}.Debug|Any CPU.Build.0 = Debug|Any CPU
		{32D43709-7134-4363-B085-2521C317FCDE}.Release|Any CPU.ActiveCfg = Release|Any CPU
		{32D43709-7134-4363-B085-2521C317FCDE}.Release|Any CPU.Build.0 = Release|Any CPU
		{6D3991A0-6C03-4589-B2BE-9152EC8531F4}.Debug|Any CPU.ActiveCfg = Debug|Any CPU
		{6D3991A0-6C03-4589-B2BE-9152EC8531F4}.Debug|Any CPU.Build.0 = Debug|Any CPU
		{6D3991A0-6C03-4589-B2BE-9152EC8531F4}.Release|Any CPU.ActiveCfg = Release|Any CPU
		{6D3991A0-6C03-4589-B2BE-9152EC8531F4}.Release|Any CPU.Build.0 = Release|Any CPU
		{BE8991DB-729F-403E-B40D-200C6F97F814}.Debug|Any CPU.ActiveCfg = Debug|Any CPU
		{BE8991DB-729F-403E-B40D-200C6F97F814}.Debug|Any CPU.Build.0 = Debug|Any CPU
		{BE8991DB-729F-403E-B40D-200C6F97F814}.Release|Any CPU.ActiveCfg = Release|Any CPU
		{BE8991DB-729F-403E-B40D-200C6F97F814}.Release|Any CPU.Build.0 = Release|Any CPU
	EndGlobalSection
	GlobalSection(SolutionProperties) = preSolution
		HideSolutionNode = FALSE
	EndGlobalSection
	GlobalSection(ExtensibilityGlobals) = postSolution
		SolutionGuid = {6CE85DF0-8DA2-4B9D-B060-FB2E7120B19C}
	EndGlobalSection
EndGlobal
